
Microsoft Visual Studio Solution File, Format Version 12.00
# Visual Studio Version 17
VisualStudioVersion = 17.12.35707.178 d17.12
MinimumVisualStudioVersion = 10.0.40219.1
Project("{FAE04EC0-301F-11D3-BF4B-00C04F79EFBC}") = "EcommerceBackend", "EcommerceBackend.csproj", "{D77BE40B-8A9C-4DB4-A9F6-E4B8FD9212B9}"
EndProject
Global
	GlobalSection(SolutionConfigurationPlatforms) = preSolution
		Debug|Any CPU = Debug|Any CPU
		Release|Any CPU = Release|Any CPU
	EndGlobalSection
	GlobalSection(ProjectConfigurationPlatforms) = postSolution
		{D77BE40B-8A9C-4DB4-A9F6-E4B8FD9212B9}.Debug|Any CPU.ActiveCfg = Debug|Any CPU
		{D77BE40B-8A9C-4DB4-A9F6-E4B8FD9212B9}.Debug|Any CPU.Build.0 = Debug|Any CPU
		{D77BE40B-8A9C-4DB4-A9F6-E4B8FD9212B9}.Release|Any CPU.ActiveCfg = Release|Any CPU
		{D77BE40B-8A9C-4DB4-A9F6-E4B8FD9212B9}.Release|Any CPU.Build.0 = Release|Any CPU
	EndGlobalSection
	GlobalSection(SolutionProperties) = preSolution
		HideSolutionNode = FALSE
	EndGlobalSection
EndGlobal
